{
  "originHash" : "ae17d5b61456bd9d10991773c7ce650f62494513454b9d51280b46c7fd1b1ad5",
  "pins" : [
    {
      "identity" : "devicekit",
      "kind" : "remoteSourceControl",
      "location" : "https://github.com/devicekit/DeviceKit",
      "state" : {
        "revision" : "581df61650bc457ec00373a592a84be3e7468eb1",
        "version" : "5.7.0"
      }
    },
    {
      "identity" : "screchkit",
      "kind" : "remoteSourceControl",
      "location" : "https://github.com/TopScrech/ScrechKit",
      "state" : {
        "branch" : "main",
        "revision" : "dd008c6f937f0b8a1fb4a534a1c8491595988d21"
      }
    },
    {
      "identity" : "swifto-crypto",
      "kind" : "remoteSourceControl",
      "location" : "https://github.com/TopScrech/Swifto-Crypto",
      "state" : {
        "branch" : "main",
        "revision" : "40e7d3af3258c39c5a052c7ca22dbb35e6853dc1"
      }
    }
  ],
  "version" : 3
}
