{
  "originHash" : "5d7a88f6dde7803a53712341ac371d42afd7cc1b6185e9d6cfe1fdc826f17f42",
  "pins" : [
    {
      "identity" : "screchkit",
      "kind" : "remoteSourceControl",
      "location" : "https://github.com/TopScrech/ScrechKit",
      "state" : {
        "branch" : "main",
        "revision" : "d8ffdc58388da376d18a7b71f0e78f34e5416219"
      }
    },
    {
      "identity" : "swifto-crypto",
      "kind" : "remoteSourceControl",
      "location" : "https://github.com/TopScrech/Swifto-Crypto",
      "state" : {
        "branch" : "main",
        "revision" : "40e7d3af3258c39c5a052c7ca22dbb35e6853dc1"
      }
    }
  ],
  "version" : 3
}
