{
  "originHash" : "fe588cf6563d3697692ad9be628ccfea2e53e3071341a117713a52305163016d",
  "pins" : [
    {
      "identity" : "devicekit",
      "kind" : "remoteSourceControl",
      "location" : "https://github.com/devicekit/DeviceKit",
      "state" : {
        "revision" : "56b997e8a61707218f9af09f32b2a1d1806fd792",
        "version" : "5.8.0"
      }
    },
    {
      "identity" : "quicklooking",
      "kind" : "remoteSourceControl",
      "location" : "https://github.com/TopScrech/QuickLooking",
      "state" : {
        "revision" : "12da914fc7f19efc4b9273b2e7343e56f76a56a3",
        "version" : "1.0.0"
      }
    },
    {
      "identity" : "screchkit",
      "kind" : "remoteSourceControl",
      "location" : "https://github.com/TopScrech/ScrechKit",
      "state" : {
        "revision" : "a9ec3560ca613c10fa6f7aae2ab73a1c1a1ac3bb",
        "version" : "1.0.3"
      }
    },
    {
      "identity" : "swifto-crypto",
      "kind" : "remoteSourceControl",
      "location" : "https://github.com/TopScrech/Swifto-Crypto",
      "state" : {
        "revision" : "c66a6909361ee15510016cd8693b3a3282bce5fc",
        "version" : "1.0.0"
      }
    }
  ],
  "version" : 3
}
