// !$*UTF8*$!
{
	archiveVersion = 1;
	classes = {
	};
	objectVersion = 63;
	objects = {

/* Begin PBXBuildFile section */
		F31188612BF90F7A0079A5FE /* Character + Exts.swift in Sources */ = {isa = PBXBuildFile; fileRef = F31188412BF90F7A0079A5FE /* Character + Exts.swift */; };
		F31188622BF90F7A0079A5FE /* String + Exts.swift in Sources */ = {isa = PBXBuildFile; fileRef = F31188422BF90F7A0079A5FE /* String + Exts.swift */; };
		F31188632BF90F7A0079A5FE /* UUID.swift in Sources */ = {isa = PBXBuildFile; fileRef = F31188432BF90F7A0079A5FE /* UUID.swift */; };
		F31188642BF90F7A0079A5FE /* Chat.swift in Sources */ = {isa = PBXBuildFile; fileRef = F31188452BF90F7A0079A5FE /* Chat.swift */; };
		F31188652BF90F7A0079A5FE /* Connect Message.swift in Sources */ = {isa = PBXBuildFile; fileRef = F31188462BF90F7A0079A5FE /* Connect Message.swift */; };
		F31188662BF90F7A0079A5FE /* Delete Message.swift in Sources */ = {isa = PBXBuildFile; fileRef = F31188472BF90F7A0079A5FE /* Delete Message.swift */; };
		F31188672BF90F7A0079A5FE /* Message.swift in Sources */ = {isa = PBXBuildFile; fileRef = F31188482BF90F7A0079A5FE /* Message.swift */; };
		F31188682BF90F7A0079A5FE /* Peer Info.swift in Sources */ = {isa = PBXBuildFile; fileRef = F31188492BF90F7A0079A5FE /* Peer Info.swift */; };
		F31188692BF90F7A0079A5FE /* Person.swift in Sources */ = {isa = PBXBuildFile; fileRef = F311884A2BF90F7A0079A5FE /* Person.swift */; };
		F311886A2BF90F7A0079A5FE /* Duo Chat.swift in Sources */ = {isa = PBXBuildFile; fileRef = F311884C2BF90F7A0079A5FE /* Duo Chat.swift */; };
		F311886B2BF90F7A0079A5FE /* Model.swift in Sources */ = {isa = PBXBuildFile; fileRef = F311884D2BF90F7A0079A5FE /* Model.swift */; };
		F311886C2BF90F7A0079A5FE /* Navigation Stack.swift in Sources */ = {isa = PBXBuildFile; fileRef = F311884F2BF90F7A0079A5FE /* Navigation Stack.swift */; };
		F311886D2BF90F7A0079A5FE /* Message Row.swift in Sources */ = {isa = PBXBuildFile; fileRef = F31188512BF90F7A0079A5FE /* Message Row.swift */; };
		F311886E2BF90F7A0079A5FE /* Message Info.swift in Sources */ = {isa = PBXBuildFile; fileRef = F31188522BF90F7A0079A5FE /* Message Info.swift */; };
		F311886F2BF90F7A0079A5FE /* Chat View.swift in Sources */ = {isa = PBXBuildFile; fileRef = F31188542BF90F7A0079A5FE /* Chat View.swift */; };
		F31188702BF90F7A0079A5FE /* TextField Style.swift in Sources */ = {isa = PBXBuildFile; fileRef = F31188562BF90F7A0079A5FE /* TextField Style.swift */; };
		F31188712BF90F7A0079A5FE /* Assets.xcassets in Resources */ = {isa = PBXBuildFile; fileRef = F31188592BF90F7A0079A5FE /* Assets.xcassets */; };
		F31188722BF90F7A0079A5FE /* Content View.swift in Sources */ = {isa = PBXBuildFile; fileRef = F311885A2BF90F7A0079A5FE /* Content View.swift */; };
		F31188732BF90F7A0079A5FE /* Home View.swift in Sources */ = {isa = PBXBuildFile; fileRef = F311885B2BF90F7A0079A5FE /* Home View.swift */; };
		F31188752BF90F7A0079A5FE /* Peer Chat.swift in Sources */ = {isa = PBXBuildFile; fileRef = F311885D2BF90F7A0079A5FE /* Peer Chat.swift */; };
		F31188762BF90F7A0079A5FE /* Profile View.swift in Sources */ = {isa = PBXBuildFile; fileRef = F311885E2BF90F7A0079A5FE /* Profile View.swift */; };
		F31188772BF90F7A0079A5FE /* Settings View.swift in Sources */ = {isa = PBXBuildFile; fileRef = F311885F2BF90F7A0079A5FE /* Settings View.swift */; };
		F311887A2BF90FBF0079A5FE /* ScrechKit in Frameworks */ = {isa = PBXBuildFile; productRef = F31188792BF90FBF0079A5FE /* ScrechKit */; };
		F36ACB362BF9DEE500B5744A /* Crypto Convert.swift in Sources */ = {isa = PBXBuildFile; fileRef = F36ACB342BF9DEE500B5744A /* Crypto Convert.swift */; };
		F36ACB372BF9DEE500B5744A /* Crypto Model.swift in Sources */ = {isa = PBXBuildFile; fileRef = F36ACB352BF9DEE500B5744A /* Crypto Model.swift */; };
/* End PBXBuildFile section */

/* Begin PBXCopyFilesBuildPhase section */
		40EBFCFC2A16E9E70041012C /* Embed Frameworks */ = {
			isa = PBXCopyFilesBuildPhase;
			buildActionMask = 2147483647;
			dstPath = "";
			dstSubfolderSpec = 10;
			files = (
			);
			name = "Embed Frameworks";
			runOnlyForDeploymentPostprocessing = 0;
		};
/* End PBXCopyFilesBuildPhase section */

/* Begin PBXFileReference section */
		40EBFCE22A16E82D0041012C /* PeerChat.app */ = {isa = PBXFileReference; explicitFileType = wrapper.application; includeInIndex = 0; path = PeerChat.app; sourceTree = BUILT_PRODUCTS_DIR; };
		F31188412BF90F7A0079A5FE /* Character + Exts.swift */ = {isa = PBXFileReference; fileEncoding = 4; lastKnownFileType = sourcecode.swift; path = "Character + Exts.swift"; sourceTree = "<group>"; };
		F31188422BF90F7A0079A5FE /* String + Exts.swift */ = {isa = PBXFileReference; fileEncoding = 4; lastKnownFileType = sourcecode.swift; path = "String + Exts.swift"; sourceTree = "<group>"; };
		F31188432BF90F7A0079A5FE /* UUID.swift */ = {isa = PBXFileReference; fileEncoding = 4; lastKnownFileType = sourcecode.swift; path = UUID.swift; sourceTree = "<group>"; };
		F31188452BF90F7A0079A5FE /* Chat.swift */ = {isa = PBXFileReference; fileEncoding = 4; lastKnownFileType = sourcecode.swift; path = Chat.swift; sourceTree = "<group>"; };
		F31188462BF90F7A0079A5FE /* Connect Message.swift */ = {isa = PBXFileReference; fileEncoding = 4; lastKnownFileType = sourcecode.swift; path = "Connect Message.swift"; sourceTree = "<group>"; };
		F31188472BF90F7A0079A5FE /* Delete Message.swift */ = {isa = PBXFileReference; fileEncoding = 4; lastKnownFileType = sourcecode.swift; path = "Delete Message.swift"; sourceTree = "<group>"; };
		F31188482BF90F7A0079A5FE /* Message.swift */ = {isa = PBXFileReference; fileEncoding = 4; lastKnownFileType = sourcecode.swift; path = Message.swift; sourceTree = "<group>"; };
		F31188492BF90F7A0079A5FE /* Peer Info.swift */ = {isa = PBXFileReference; fileEncoding = 4; lastKnownFileType = sourcecode.swift; path = "Peer Info.swift"; sourceTree = "<group>"; };
		F311884A2BF90F7A0079A5FE /* Person.swift */ = {isa = PBXFileReference; fileEncoding = 4; lastKnownFileType = sourcecode.swift; path = Person.swift; sourceTree = "<group>"; };
		F311884C2BF90F7A0079A5FE /* Duo Chat.swift */ = {isa = PBXFileReference; fileEncoding = 4; lastKnownFileType = sourcecode.swift; path = "Duo Chat.swift"; sourceTree = "<group>"; };
		F311884D2BF90F7A0079A5FE /* Model.swift */ = {isa = PBXFileReference; fileEncoding = 4; lastKnownFileType = sourcecode.swift; path = Model.swift; sourceTree = "<group>"; };
		F311884F2BF90F7A0079A5FE /* Navigation Stack.swift */ = {isa = PBXFileReference; fileEncoding = 4; lastKnownFileType = sourcecode.swift; path = "Navigation Stack.swift"; sourceTree = "<group>"; };
		F31188512BF90F7A0079A5FE /* Message Row.swift */ = {isa = PBXFileReference; fileEncoding = 4; lastKnownFileType = sourcecode.swift; path = "Message Row.swift"; sourceTree = "<group>"; };
		F31188522BF90F7A0079A5FE /* Message Info.swift */ = {isa = PBXFileReference; fileEncoding = 4; lastKnownFileType = sourcecode.swift; path = "Message Info.swift"; sourceTree = "<group>"; };
		F31188542BF90F7A0079A5FE /* Chat View.swift */ = {isa = PBXFileReference; fileEncoding = 4; lastKnownFileType = sourcecode.swift; path = "Chat View.swift"; sourceTree = "<group>"; };
		F31188562BF90F7A0079A5FE /* TextField Style.swift */ = {isa = PBXFileReference; fileEncoding = 4; lastKnownFileType = sourcecode.swift; path = "TextField Style.swift"; sourceTree = "<group>"; };
		F31188592BF90F7A0079A5FE /* Assets.xcassets */ = {isa = PBXFileReference; lastKnownFileType = folder.assetcatalog; path = Assets.xcassets; sourceTree = "<group>"; };
		F311885A2BF90F7A0079A5FE /* Content View.swift */ = {isa = PBXFileReference; fileEncoding = 4; lastKnownFileType = sourcecode.swift; path = "Content View.swift"; sourceTree = "<group>"; };
		F311885B2BF90F7A0079A5FE /* Home View.swift */ = {isa = PBXFileReference; fileEncoding = 4; lastKnownFileType = sourcecode.swift; path = "Home View.swift"; sourceTree = "<group>"; };
		F311885D2BF90F7A0079A5FE /* Peer Chat.swift */ = {isa = PBXFileReference; fileEncoding = 4; lastKnownFileType = sourcecode.swift; path = "Peer Chat.swift"; sourceTree = "<group>"; };
		F311885E2BF90F7A0079A5FE /* Profile View.swift */ = {isa = PBXFileReference; fileEncoding = 4; lastKnownFileType = sourcecode.swift; path = "Profile View.swift"; sourceTree = "<group>"; };
		F311885F2BF90F7A0079A5FE /* Settings View.swift */ = {isa = PBXFileReference; fileEncoding = 4; lastKnownFileType = sourcecode.swift; path = "Settings View.swift"; sourceTree = "<group>"; };
		F311887E2BF911180079A5FE /* Info.plist */ = {isa = PBXFileReference; lastKnownFileType = text.plist; path = Info.plist; sourceTree = "<group>"; };
		F36ACB342BF9DEE500B5744A /* Crypto Convert.swift */ = {isa = PBXFileReference; fileEncoding = 4; lastKnownFileType = sourcecode.swift; path = "Crypto Convert.swift"; sourceTree = "<group>"; };
		F36ACB352BF9DEE500B5744A /* Crypto Model.swift */ = {isa = PBXFileReference; fileEncoding = 4; lastKnownFileType = sourcecode.swift; path = "Crypto Model.swift"; sourceTree = "<group>"; };
/* End PBXFileReference section */

/* Begin PBXFrameworksBuildPhase section */
		40EBFCDF2A16E82D0041012C /* Frameworks */ = {
			isa = PBXFrameworksBuildPhase;
			buildActionMask = 2147483647;
			files = (
				F311887A2BF90FBF0079A5FE /* ScrechKit in Frameworks */,
			);
			runOnlyForDeploymentPostprocessing = 0;
		};
/* End PBXFrameworksBuildPhase section */

/* Begin PBXGroup section */
		40EBFCD92A16E82D0041012C = {
			isa = PBXGroup;
			children = (
				F31188602BF90F7A0079A5FE /* PeerChat */,
				40EBFCE32A16E82D0041012C /* Products */,
			);
			sourceTree = "<group>";
		};
		40EBFCE32A16E82D0041012C /* Products */ = {
			isa = PBXGroup;
			children = (
				40EBFCE22A16E82D0041012C /* PeerChat.app */,
			);
			name = Products;
			sourceTree = "<group>";
		};
		F31188442BF90F7A0079A5FE /* Extensions */ = {
			isa = PBXGroup;
			children = (
				F31188412BF90F7A0079A5FE /* Character + Exts.swift */,
				F31188422BF90F7A0079A5FE /* String + Exts.swift */,
				F31188432BF90F7A0079A5FE /* UUID.swift */,
			);
			path = Extensions;
			sourceTree = "<group>";
		};
		F311884B2BF90F7A0079A5FE /* Message Types */ = {
			isa = PBXGroup;
			children = (
				F31188452BF90F7A0079A5FE /* Chat.swift */,
				F31188462BF90F7A0079A5FE /* Connect Message.swift */,
				F31188472BF90F7A0079A5FE /* Delete Message.swift */,
				F31188482BF90F7A0079A5FE /* Message.swift */,
				F31188492BF90F7A0079A5FE /* Peer Info.swift */,
				F311884A2BF90F7A0079A5FE /* Person.swift */,
			);
			path = "Message Types";
			sourceTree = "<group>";
		};
		F311884E2BF90F7A0079A5FE /* Model */ = {
			isa = PBXGroup;
			children = (
				F311884B2BF90F7A0079A5FE /* Message Types */,
				F311884C2BF90F7A0079A5FE /* Duo Chat.swift */,
				F36ACB342BF9DEE500B5744A /* Crypto Convert.swift */,
				F36ACB352BF9DEE500B5744A /* Crypto Model.swift */,
				F311884D2BF90F7A0079A5FE /* Model.swift */,
			);
			path = Model;
			sourceTree = "<group>";
		};
		F31188502BF90F7A0079A5FE /* Navigation */ = {
			isa = PBXGroup;
			children = (
				F311884F2BF90F7A0079A5FE /* Navigation Stack.swift */,
			);
			path = Navigation;
			sourceTree = "<group>";
		};
		F31188532BF90F7A0079A5FE /* Message Row */ = {
			isa = PBXGroup;
			children = (
				F31188512BF90F7A0079A5FE /* Message Row.swift */,
				F31188522BF90F7A0079A5FE /* Message Info.swift */,
			);
			path = "Message Row";
			sourceTree = "<group>";
		};
		F31188552BF90F7A0079A5FE /* Chat */ = {
			isa = PBXGroup;
			children = (
				F31188532BF90F7A0079A5FE /* Message Row */,
				F31188542BF90F7A0079A5FE /* Chat View.swift */,
			);
			path = Chat;
			sourceTree = "<group>";
		};
		F31188602BF90F7A0079A5FE /* PeerChat */ = {
			isa = PBXGroup;
			children = (
				F311885D2BF90F7A0079A5FE /* Peer Chat.swift */,
				F311887E2BF911180079A5FE /* Info.plist */,
				F31188592BF90F7A0079A5FE /* Assets.xcassets */,
				F311885A2BF90F7A0079A5FE /* Content View.swift */,
				F311885B2BF90F7A0079A5FE /* Home View.swift */,
				F311885E2BF90F7A0079A5FE /* Profile View.swift */,
				F311885F2BF90F7A0079A5FE /* Settings View.swift */,
				F31188562BF90F7A0079A5FE /* TextField Style.swift */,
				F31188502BF90F7A0079A5FE /* Navigation */,
				F311884E2BF90F7A0079A5FE /* Model */,
				F31188552BF90F7A0079A5FE /* Chat */,
				F31188442BF90F7A0079A5FE /* Extensions */,
			);
			path = PeerChat;
			sourceTree = "<group>";
		};
/* End PBXGroup section */

/* Begin PBXNativeTarget section */
		40EBFCE12A16E82D0041012C /* PeerChat */ = {
			isa = PBXNativeTarget;
			buildConfigurationList = 40EBFCF02A16E82F0041012C /* Build configuration list for PBXNativeTarget "PeerChat" */;
			buildPhases = (
				40EBFCDE2A16E82D0041012C /* Sources */,
				40EBFCDF2A16E82D0041012C /* Frameworks */,
				40EBFCE02A16E82D0041012C /* Resources */,
				40EBFCFC2A16E9E70041012C /* Embed Frameworks */,
			);
			buildRules = (
			);
			dependencies = (
			);
			name = PeerChat;
			packageProductDependencies = (
				F31188792BF90FBF0079A5FE /* ScrechKit */,
			);
			productName = PeerSotial;
			productReference = 40EBFCE22A16E82D0041012C /* PeerChat.app */;
			productType = "com.apple.product-type.application";
		};
/* End PBXNativeTarget section */

/* Begin PBXProject section */
		40EBFCDA2A16E82D0041012C /* Project object */ = {
			isa = PBXProject;
			attributes = {
				BuildIndependentTargetsInParallel = 1;
				LastSwiftUpdateCheck = 1420;
				LastUpgradeCheck = 1540;
				TargetAttributes = {
					40EBFCE12A16E82D0041012C = {
						CreatedOnToolsVersion = 14.2;
					};
				};
			};
			buildConfigurationList = 40EBFCDD2A16E82D0041012C /* Build configuration list for PBXProject "PeerChat" */;
			compatibilityVersion = "Xcode 15.3";
			developmentRegion = en;
			hasScannedForEncodings = 0;
			knownRegions = (
				en,
				Base,
			);
			mainGroup = 40EBFCD92A16E82D0041012C;
			packageReferences = (
				F31188782BF90FBF0079A5FE /* XCRemoteSwiftPackageReference "ScrechKit" */,
			);
			productRefGroup = 40EBFCE32A16E82D0041012C /* Products */;
			projectDirPath = "";
			projectRoot = "";
			targets = (
				40EBFCE12A16E82D0041012C /* PeerChat */,
			);
		};
/* End PBXProject section */

/* Begin PBXResourcesBuildPhase section */
		40EBFCE02A16E82D0041012C /* Resources */ = {
			isa = PBXResourcesBuildPhase;
			buildActionMask = 2147483647;
			files = (
				F31188712BF90F7A0079A5FE /* Assets.xcassets in Resources */,
			);
			runOnlyForDeploymentPostprocessing = 0;
		};
/* End PBXResourcesBuildPhase section */

/* Begin PBXSourcesBuildPhase section */
		40EBFCDE2A16E82D0041012C /* Sources */ = {
			isa = PBXSourcesBuildPhase;
			buildActionMask = 2147483647;
			files = (
				F311886E2BF90F7A0079A5FE /* Message Info.swift in Sources */,
				F311886F2BF90F7A0079A5FE /* Chat View.swift in Sources */,
				F31188632BF90F7A0079A5FE /* UUID.swift in Sources */,
				F36ACB362BF9DEE500B5744A /* Crypto Convert.swift in Sources */,
				F31188662BF90F7A0079A5FE /* Delete Message.swift in Sources */,
				F31188752BF90F7A0079A5FE /* Peer Chat.swift in Sources */,
				F31188732BF90F7A0079A5FE /* Home View.swift in Sources */,
				F31188682BF90F7A0079A5FE /* Peer Info.swift in Sources */,
				F31188642BF90F7A0079A5FE /* Chat.swift in Sources */,
				F31188622BF90F7A0079A5FE /* String + Exts.swift in Sources */,
				F31188762BF90F7A0079A5FE /* Profile View.swift in Sources */,
				F31188612BF90F7A0079A5FE /* Character + Exts.swift in Sources */,
				F36ACB372BF9DEE500B5744A /* Crypto Model.swift in Sources */,
				F31188692BF90F7A0079A5FE /* Person.swift in Sources */,
				F311886C2BF90F7A0079A5FE /* Navigation Stack.swift in Sources */,
				F31188772BF90F7A0079A5FE /* Settings View.swift in Sources */,
				F31188652BF90F7A0079A5FE /* Connect Message.swift in Sources */,
				F311886B2BF90F7A0079A5FE /* Model.swift in Sources */,
				F31188672BF90F7A0079A5FE /* Message.swift in Sources */,
				F311886D2BF90F7A0079A5FE /* Message Row.swift in Sources */,
				F31188722BF90F7A0079A5FE /* Content View.swift in Sources */,
				F31188702BF90F7A0079A5FE /* TextField Style.swift in Sources */,
				F311886A2BF90F7A0079A5FE /* Duo Chat.swift in Sources */,
			);
			runOnlyForDeploymentPostprocessing = 0;
		};
/* End PBXSourcesBuildPhase section */

/* Begin XCBuildConfiguration section */
		40EBFCEE2A16E82F0041012C /* Debug */ = {
			isa = XCBuildConfiguration;
			buildSettings = {
				ALWAYS_SEARCH_USER_PATHS = NO;
				CLANG_ANALYZER_NONNULL = YES;
				CLANG_ANALYZER_NUMBER_OBJECT_CONVERSION = YES_AGGRESSIVE;
				CLANG_CXX_LANGUAGE_STANDARD = "gnu++20";
				CLANG_ENABLE_MODULES = YES;
				CLANG_ENABLE_OBJC_ARC = YES;
				CLANG_ENABLE_OBJC_WEAK = YES;
				CLANG_WARN_BLOCK_CAPTURE_AUTORELEASING = YES;
				CLANG_WARN_BOOL_CONVERSION = YES;
				CLANG_WARN_COMMA = YES;
				CLANG_WARN_CONSTANT_CONVERSION = YES;
				CLANG_WARN_DEPRECATED_OBJC_IMPLEMENTATIONS = YES;
				CLANG_WARN_DIRECT_OBJC_ISA_USAGE = YES_ERROR;
				CLANG_WARN_DOCUMENTATION_COMMENTS = YES;
				CLANG_WARN_EMPTY_BODY = YES;
				CLANG_WARN_ENUM_CONVERSION = YES;
				CLANG_WARN_INFINITE_RECURSION = YES;
				CLANG_WARN_INT_CONVERSION = YES;
				CLANG_WARN_NON_LITERAL_NULL_CONVERSION = YES;
				CLANG_WARN_OBJC_IMPLICIT_RETAIN_SELF = YES;
				CLANG_WARN_OBJC_LITERAL_CONVERSION = YES;
				CLANG_WARN_OBJC_ROOT_CLASS = YES_ERROR;
				CLANG_WARN_QUOTED_INCLUDE_IN_FRAMEWORK_HEADER = YES;
				CLANG_WARN_RANGE_LOOP_ANALYSIS = YES;
				CLANG_WARN_STRICT_PROTOTYPES = YES;
				CLANG_WARN_SUSPICIOUS_MOVE = YES;
				CLANG_WARN_UNGUARDED_AVAILABILITY = YES_AGGRESSIVE;
				CLANG_WARN_UNREACHABLE_CODE = YES;
				CLANG_WARN__DUPLICATE_METHOD_MATCH = YES;
				COPY_PHASE_STRIP = NO;
				DEBUG_INFORMATION_FORMAT = dwarf;
				ENABLE_STRICT_OBJC_MSGSEND = YES;
				ENABLE_TESTABILITY = YES;
				ENABLE_USER_SCRIPT_SANDBOXING = YES;
				GCC_C_LANGUAGE_STANDARD = gnu11;
				GCC_DYNAMIC_NO_PIC = NO;
				GCC_NO_COMMON_BLOCKS = YES;
				GCC_OPTIMIZATION_LEVEL = 0;
				GCC_PREPROCESSOR_DEFINITIONS = (
					"DEBUG=1",
					"$(inherited)",
				);
				GCC_WARN_64_TO_32_BIT_CONVERSION = YES;
				GCC_WARN_ABOUT_RETURN_TYPE = YES_ERROR;
				GCC_WARN_UNDECLARED_SELECTOR = YES;
				GCC_WARN_UNINITIALIZED_AUTOS = YES_AGGRESSIVE;
				GCC_WARN_UNUSED_FUNCTION = YES;
				GCC_WARN_UNUSED_VARIABLE = YES;
				IPHONEOS_DEPLOYMENT_TARGET = 17.0;
				MTL_ENABLE_DEBUG_INFO = INCLUDE_SOURCE;
				MTL_FAST_MATH = YES;
				ONLY_ACTIVE_ARCH = YES;
				SDKROOT = iphoneos;
				SWIFT_ACTIVE_COMPILATION_CONDITIONS = DEBUG;
				SWIFT_OPTIMIZATION_LEVEL = "-Onone";
			};
			name = Debug;
		};
		40EBFCEF2A16E82F0041012C /* Release */ = {
			isa = XCBuildConfiguration;
			buildSettings = {
				ALWAYS_SEARCH_USER_PATHS = NO;
				CLANG_ANALYZER_NONNULL = YES;
				CLANG_ANALYZER_NUMBER_OBJECT_CONVERSION = YES_AGGRESSIVE;
				CLANG_CXX_LANGUAGE_STANDARD = "gnu++20";
				CLANG_ENABLE_MODULES = YES;
				CLANG_ENABLE_OBJC_ARC = YES;
				CLANG_ENABLE_OBJC_WEAK = YES;
				CLANG_WARN_BLOCK_CAPTURE_AUTORELEASING = YES;
				CLANG_WARN_BOOL_CONVERSION = YES;
				CLANG_WARN_COMMA = YES;
				CLANG_WARN_CONSTANT_CONVERSION = YES;
				CLANG_WARN_DEPRECATED_OBJC_IMPLEMENTATIONS = YES;
				CLANG_WARN_DIRECT_OBJC_ISA_USAGE = YES_ERROR;
				CLANG_WARN_DOCUMENTATION_COMMENTS = YES;
				CLANG_WARN_EMPTY_BODY = YES;
				CLANG_WARN_ENUM_CONVERSION = YES;
				CLANG_WARN_INFINITE_RECURSION = YES;
				CLANG_WARN_INT_CONVERSION = YES;
				CLANG_WARN_NON_LITERAL_NULL_CONVERSION = YES;
				CLANG_WARN_OBJC_IMPLICIT_RETAIN_SELF = YES;
				CLANG_WARN_OBJC_LITERAL_CONVERSION = YES;
				CLANG_WARN_OBJC_ROOT_CLASS = YES_ERROR;
				CLANG_WARN_QUOTED_INCLUDE_IN_FRAMEWORK_HEADER = YES;
				CLANG_WARN_RANGE_LOOP_ANALYSIS = YES;
				CLANG_WARN_STRICT_PROTOTYPES = YES;
				CLANG_WARN_SUSPICIOUS_MOVE = YES;
				CLANG_WARN_UNGUARDED_AVAILABILITY = YES_AGGRESSIVE;
				CLANG_WARN_UNREACHABLE_CODE = YES;
				CLANG_WARN__DUPLICATE_METHOD_MATCH = YES;
				COPY_PHASE_STRIP = NO;
				DEBUG_INFORMATION_FORMAT = "dwarf-with-dsym";
				ENABLE_NS_ASSERTIONS = NO;
				ENABLE_STRICT_OBJC_MSGSEND = YES;
				ENABLE_USER_SCRIPT_SANDBOXING = YES;
				GCC_C_LANGUAGE_STANDARD = gnu11;
				GCC_NO_COMMON_BLOCKS = YES;
				GCC_WARN_64_TO_32_BIT_CONVERSION = YES;
				GCC_WARN_ABOUT_RETURN_TYPE = YES_ERROR;
				GCC_WARN_UNDECLARED_SELECTOR = YES;
				GCC_WARN_UNINITIALIZED_AUTOS = YES_AGGRESSIVE;
				GCC_WARN_UNUSED_FUNCTION = YES;
				GCC_WARN_UNUSED_VARIABLE = YES;
				IPHONEOS_DEPLOYMENT_TARGET = 17.0;
				MTL_ENABLE_DEBUG_INFO = NO;
				MTL_FAST_MATH = YES;
				SDKROOT = iphoneos;
				SWIFT_COMPILATION_MODE = wholemodule;
				SWIFT_OPTIMIZATION_LEVEL = "-O";
				VALIDATE_PRODUCT = YES;
			};
			name = Release;
		};
		40EBFCF12A16E82F0041012C /* Debug */ = {
			isa = XCBuildConfiguration;
			buildSettings = {
				ASSETCATALOG_COMPILER_APPICON_NAME = AppIcon;
				ASSETCATALOG_COMPILER_GLOBAL_ACCENT_COLOR_NAME = AccentColor;
				CODE_SIGN_STYLE = Automatic;
				CURRENT_PROJECT_VERSION = 0;
				DEVELOPMENT_TEAM = 8FQUA2F388;
				ENABLE_PREVIEWS = YES;
				GENERATE_INFOPLIST_FILE = YES;
				INFOPLIST_FILE = PeerChat/Info.plist;
				INFOPLIST_KEY_CFBundleDisplayName = "Peer Chat";
				INFOPLIST_KEY_LSApplicationCategoryType = "public.app-category.social-networking";
				INFOPLIST_KEY_UIApplicationSceneManifest_Generation = YES;
				INFOPLIST_KEY_UIApplicationSupportsIndirectInputEvents = YES;
				INFOPLIST_KEY_UILaunchScreen_Generation = YES;
				INFOPLIST_KEY_UISupportedInterfaceOrientations = "UIInterfaceOrientationLandscapeLeft UIInterfaceOrientationLandscapeRight UIInterfaceOrientationPortrait UIInterfaceOrientationPortraitUpsideDown";
				LD_RUNPATH_SEARCH_PATHS = (
					"$(inherited)",
					"@executable_path/Frameworks",
				);
				MARKETING_VERSION = 0.9;
				PRODUCT_BUNDLE_IDENTIFIER = dev.topscrech.PeerChat;
				PRODUCT_NAME = "$(TARGET_NAME)";
				SWIFT_EMIT_LOC_STRINGS = YES;
				SWIFT_VERSION = 5.0;
				TARGETED_DEVICE_FAMILY = "1,2";
			};
			name = Debug;
		};
		40EBFCF22A16E82F0041012C /* Release */ = {
			isa = XCBuildConfiguration;
			buildSettings = {
				ASSETCATALOG_COMPILER_APPICON_NAME = AppIcon;
				ASSETCATALOG_COMPILER_GLOBAL_ACCENT_COLOR_NAME = AccentColor;
				CODE_SIGN_STYLE = Automatic;
				CURRENT_PROJECT_VERSION = 0;
				DEVELOPMENT_TEAM = 8FQUA2F388;
				ENABLE_PREVIEWS = YES;
				GENERATE_INFOPLIST_FILE = YES;
				INFOPLIST_FILE = PeerChat/Info.plist;
				INFOPLIST_KEY_CFBundleDisplayName = "Peer Chat";
				INFOPLIST_KEY_LSApplicationCategoryType = "public.app-category.social-networking";
				INFOPLIST_KEY_UIApplicationSceneManifest_Generation = YES;
				INFOPLIST_KEY_UIApplicationSupportsIndirectInputEvents = YES;
				INFOPLIST_KEY_UILaunchScreen_Generation = YES;
				INFOPLIST_KEY_UISupportedInterfaceOrientations = "UIInterfaceOrientationLandscapeLeft UIInterfaceOrientationLandscapeRight UIInterfaceOrientationPortrait UIInterfaceOrientationPortraitUpsideDown";
				LD_RUNPATH_SEARCH_PATHS = (
					"$(inherited)",
					"@executable_path/Frameworks",
				);
				MARKETING_VERSION = 0.9;
				PRODUCT_BUNDLE_IDENTIFIER = dev.topscrech.PeerChat;
				PRODUCT_NAME = "$(TARGET_NAME)";
				SWIFT_EMIT_LOC_STRINGS = YES;
				SWIFT_VERSION = 5.0;
				TARGETED_DEVICE_FAMILY = "1,2";
			};
			name = Release;
		};
/* End XCBuildConfiguration section */

/* Begin XCConfigurationList section */
		40EBFCDD2A16E82D0041012C /* Build configuration list for PBXProject "PeerChat" */ = {
			isa = XCConfigurationList;
			buildConfigurations = (
				40EBFCEE2A16E82F0041012C /* Debug */,
				40EBFCEF2A16E82F0041012C /* Release */,
			);
			defaultConfigurationIsVisible = 0;
			defaultConfigurationName = Release;
		};
		40EBFCF02A16E82F0041012C /* Build configuration list for PBXNativeTarget "PeerChat" */ = {
			isa = XCConfigurationList;
			buildConfigurations = (
				40EBFCF12A16E82F0041012C /* Debug */,
				40EBFCF22A16E82F0041012C /* Release */,
			);
			defaultConfigurationIsVisible = 0;
			defaultConfigurationName = Release;
		};
/* End XCConfigurationList section */

/* Begin XCRemoteSwiftPackageReference section */
		F31188782BF90FBF0079A5FE /* XCRemoteSwiftPackageReference "ScrechKit" */ = {
			isa = XCRemoteSwiftPackageReference;
			repositoryURL = "https://github.com/TopScrech/ScrechKit";
			requirement = {
				branch = main;
				kind = branch;
			};
		};
/* End XCRemoteSwiftPackageReference section */

/* Begin XCSwiftPackageProductDependency section */
		F31188792BF90FBF0079A5FE /* ScrechKit */ = {
			isa = XCSwiftPackageProductDependency;
			package = F31188782BF90FBF0079A5FE /* XCRemoteSwiftPackageReference "ScrechKit" */;
			productName = ScrechKit;
		};
/* End XCSwiftPackageProductDependency section */
	};
	rootObject = 40EBFCDA2A16E82D0041012C /* Project object */;
}
