// !$*UTF8*$!
{
	archiveVersion = 1;
	classes = {
	};
	objectVersion = 90;
	objects = {

/* Begin PBXBuildFile section */
		F31188612BF90F7A0079A5FE /* Character + Exts.swift in Sources */ = {isa = PBXBuildFile; fileRef = F31188412BF90F7A0079A5FE /* Character + Exts.swift */; };
		F31188622BF90F7A0079A5FE /* String + Exts.swift in Sources */ = {isa = PBXBuildFile; fileRef = F31188422BF90F7A0079A5FE /* String + Exts.swift */; };
		F31188632BF90F7A0079A5FE /* UUID.swift in Sources */ = {isa = PBXBuildFile; fileRef = F31188432BF90F7A0079A5FE /* UUID.swift */; };
		F31188642BF90F7A0079A5FE /* Chat.swift in Sources */ = {isa = PBXBuildFile; fileRef = F31188452BF90F7A0079A5FE /* Chat.swift */; };
		F31188652BF90F7A0079A5FE /* ConnectMessage.swift in Sources */ = {isa = PBXBuildFile; fileRef = F31188462BF90F7A0079A5FE /* ConnectMessage.swift */; };
		F31188662BF90F7A0079A5FE /* DeleteMessage.swift in Sources */ = {isa = PBXBuildFile; fileRef = F31188472BF90F7A0079A5FE /* DeleteMessage.swift */; };
		F31188672BF90F7A0079A5FE /* Message.swift in Sources */ = {isa = PBXBuildFile; fileRef = F31188482BF90F7A0079A5FE /* Message.swift */; };
		F31188682BF90F7A0079A5FE /* PeerInfo.swift in Sources */ = {isa = PBXBuildFile; fileRef = F31188492BF90F7A0079A5FE /* PeerInfo.swift */; };
		F31188692BF90F7A0079A5FE /* Person.swift in Sources */ = {isa = PBXBuildFile; fileRef = F311884A2BF90F7A0079A5FE /* Person.swift */; };
		F311886A2BF90F7A0079A5FE /* DuoChat.swift in Sources */ = {isa = PBXBuildFile; fileRef = F311884C2BF90F7A0079A5FE /* DuoChat.swift */; };
		F311886B2BF90F7A0079A5FE /* Model.swift in Sources */ = {isa = PBXBuildFile; fileRef = F311884D2BF90F7A0079A5FE /* Model.swift */; };
		F311886C2BF90F7A0079A5FE /* Container.swift in Sources */ = {isa = PBXBuildFile; fileRef = F311884F2BF90F7A0079A5FE /* Container.swift */; };
		F311886D2BF90F7A0079A5FE /* MessageRow.swift in Sources */ = {isa = PBXBuildFile; fileRef = F31188512BF90F7A0079A5FE /* MessageRow.swift */; };
		F311886E2BF90F7A0079A5FE /* MessageInfo.swift in Sources */ = {isa = PBXBuildFile; fileRef = F31188522BF90F7A0079A5FE /* MessageInfo.swift */; };
		F311886F2BF90F7A0079A5FE /* ChatView.swift in Sources */ = {isa = PBXBuildFile; fileRef = F31188542BF90F7A0079A5FE /* ChatView.swift */; };
		F31188702BF90F7A0079A5FE /* TextFieldStyle.swift in Sources */ = {isa = PBXBuildFile; fileRef = F31188562BF90F7A0079A5FE /* TextFieldStyle.swift */; };
		F31188712BF90F7A0079A5FE /* Assets.xcassets in Resources */ = {isa = PBXBuildFile; fileRef = F31188592BF90F7A0079A5FE /* Assets.xcassets */; };
		F31188722BF90F7A0079A5FE /* ContentView.swift in Sources */ = {isa = PBXBuildFile; fileRef = F311885A2BF90F7A0079A5FE /* ContentView.swift */; };
		F31188732BF90F7A0079A5FE /* HomeView.swift in Sources */ = {isa = PBXBuildFile; fileRef = F311885B2BF90F7A0079A5FE /* HomeView.swift */; };
		F31188752BF90F7A0079A5FE /* PeerChat.swift in Sources */ = {isa = PBXBuildFile; fileRef = F311885D2BF90F7A0079A5FE /* PeerChat.swift */; };
		F31188762BF90F7A0079A5FE /* ProfileView.swift in Sources */ = {isa = PBXBuildFile; fileRef = F311885E2BF90F7A0079A5FE /* ProfileView.swift */; };
		F31188772BF90F7A0079A5FE /* SettingsView.swift in Sources */ = {isa = PBXBuildFile; fileRef = F311885F2BF90F7A0079A5FE /* SettingsView.swift */; };
		F311887A2BF90FBF0079A5FE /* ScrechKit in Frameworks */ = {isa = PBXBuildFile; productRef = F31188792BF90FBF0079A5FE /* ScrechKit */; };
		F36ACB3A2BF9E00A00B5744A /* Swifto Crypto in Frameworks */ = {isa = PBXBuildFile; productRef = F36ACB392BF9E00A00B5744A /* Swifto Crypto */; };
		F3F5574B2E4B62A5006E1669 /* ValueStore.swift in Sources */ = {isa = PBXBuildFile; fileRef = F3F5574A2E4B62A5006E1669 /* ValueStore.swift */; };
/* End PBXBuildFile section */

/* Begin PBXCopyFilesBuildPhase section */
		40EBFCFC2A16E9E70041012C /* Embed Frameworks */ = {
			isa = PBXCopyFilesBuildPhase;
			dstPath = "";
			dstSubfolder = Frameworks;
			files = (
			);
			name = "Embed Frameworks";
		};
/* End PBXCopyFilesBuildPhase section */

/* Begin PBXFileReference section */
		40EBFCE22A16E82D0041012C /* PeerChat.app */ = {isa = PBXFileReference; explicitFileType = wrapper.application; includeInIndex = 0; path = PeerChat.app; sourceTree = BUILT_PRODUCTS_DIR; };
		F31188412BF90F7A0079A5FE /* Character + Exts.swift */ = {isa = PBXFileReference; fileEncoding = 4; lastKnownFileType = sourcecode.swift; path = "Character + Exts.swift"; sourceTree = "<group>"; };
		F31188422BF90F7A0079A5FE /* String + Exts.swift */ = {isa = PBXFileReference; fileEncoding = 4; lastKnownFileType = sourcecode.swift; path = "String + Exts.swift"; sourceTree = "<group>"; };
		F31188432BF90F7A0079A5FE /* UUID.swift */ = {isa = PBXFileReference; fileEncoding = 4; lastKnownFileType = sourcecode.swift; path = UUID.swift; sourceTree = "<group>"; };
		F31188452BF90F7A0079A5FE /* Chat.swift */ = {isa = PBXFileReference; fileEncoding = 4; lastKnownFileType = sourcecode.swift; path = Chat.swift; sourceTree = "<group>"; };
		F31188462BF90F7A0079A5FE /* ConnectMessage.swift */ = {isa = PBXFileReference; fileEncoding = 4; lastKnownFileType = sourcecode.swift; path = ConnectMessage.swift; sourceTree = "<group>"; };
		F31188472BF90F7A0079A5FE /* DeleteMessage.swift */ = {isa = PBXFileReference; fileEncoding = 4; lastKnownFileType = sourcecode.swift; path = DeleteMessage.swift; sourceTree = "<group>"; };
		F31188482BF90F7A0079A5FE /* Message.swift */ = {isa = PBXFileReference; fileEncoding = 4; lastKnownFileType = sourcecode.swift; path = Message.swift; sourceTree = "<group>"; };
		F31188492BF90F7A0079A5FE /* PeerInfo.swift */ = {isa = PBXFileReference; fileEncoding = 4; lastKnownFileType = sourcecode.swift; path = PeerInfo.swift; sourceTree = "<group>"; };
		F311884A2BF90F7A0079A5FE /* Person.swift */ = {isa = PBXFileReference; fileEncoding = 4; lastKnownFileType = sourcecode.swift; path = Person.swift; sourceTree = "<group>"; };
		F311884C2BF90F7A0079A5FE /* DuoChat.swift */ = {isa = PBXFileReference; fileEncoding = 4; lastKnownFileType = sourcecode.swift; path = DuoChat.swift; sourceTree = "<group>"; };
		F311884D2BF90F7A0079A5FE /* Model.swift */ = {isa = PBXFileReference; fileEncoding = 4; lastKnownFileType = sourcecode.swift; path = Model.swift; sourceTree = "<group>"; };
		F311884F2BF90F7A0079A5FE /* Container.swift */ = {isa = PBXFileReference; fileEncoding = 4; lastKnownFileType = sourcecode.swift; path = Container.swift; sourceTree = "<group>"; };
		F31188512BF90F7A0079A5FE /* MessageRow.swift */ = {isa = PBXFileReference; fileEncoding = 4; lastKnownFileType = sourcecode.swift; path = MessageRow.swift; sourceTree = "<group>"; };
		F31188522BF90F7A0079A5FE /* MessageInfo.swift */ = {isa = PBXFileReference; fileEncoding = 4; lastKnownFileType = sourcecode.swift; path = MessageInfo.swift; sourceTree = "<group>"; };
		F31188542BF90F7A0079A5FE /* ChatView.swift */ = {isa = PBXFileReference; fileEncoding = 4; lastKnownFileType = sourcecode.swift; path = ChatView.swift; sourceTree = "<group>"; };
		F31188562BF90F7A0079A5FE /* TextFieldStyle.swift */ = {isa = PBXFileReference; fileEncoding = 4; lastKnownFileType = sourcecode.swift; path = TextFieldStyle.swift; sourceTree = "<group>"; };
		F31188592BF90F7A0079A5FE /* Assets.xcassets */ = {isa = PBXFileReference; lastKnownFileType = folder.assetcatalog; path = Assets.xcassets; sourceTree = "<group>"; };
		F311885A2BF90F7A0079A5FE /* ContentView.swift */ = {isa = PBXFileReference; fileEncoding = 4; lastKnownFileType = sourcecode.swift; path = ContentView.swift; sourceTree = "<group>"; };
		F311885B2BF90F7A0079A5FE /* HomeView.swift */ = {isa = PBXFileReference; fileEncoding = 4; lastKnownFileType = sourcecode.swift; path = HomeView.swift; sourceTree = "<group>"; };
		F311885D2BF90F7A0079A5FE /* PeerChat.swift */ = {isa = PBXFileReference; fileEncoding = 4; lastKnownFileType = sourcecode.swift; path = PeerChat.swift; sourceTree = "<group>"; };
		F311885E2BF90F7A0079A5FE /* ProfileView.swift */ = {isa = PBXFileReference; fileEncoding = 4; lastKnownFileType = sourcecode.swift; path = ProfileView.swift; sourceTree = "<group>"; };
		F311885F2BF90F7A0079A5FE /* SettingsView.swift */ = {isa = PBXFileReference; fileEncoding = 4; lastKnownFileType = sourcecode.swift; path = SettingsView.swift; sourceTree = "<group>"; };
		F311887E2BF911180079A5FE /* Info.plist */ = {isa = PBXFileReference; lastKnownFileType = text.plist; path = Info.plist; sourceTree = "<group>"; };
		F36ACB342BF9DEE500B5744A /* CryptoConvert.swift */ = {isa = PBXFileReference; fileEncoding = 4; lastKnownFileType = sourcecode.swift; path = CryptoConvert.swift; sourceTree = "<group>"; };
		F36ACB352BF9DEE500B5744A /* CryptoModel.swift */ = {isa = PBXFileReference; fileEncoding = 4; lastKnownFileType = sourcecode.swift; path = CryptoModel.swift; sourceTree = "<group>"; };
		F3F5574A2E4B62A5006E1669 /* ValueStore.swift */ = {isa = PBXFileReference; lastKnownFileType = sourcecode.swift; path = ValueStore.swift; sourceTree = "<group>"; };
/* End PBXFileReference section */

/* Begin PBXFrameworksBuildPhase section */
		40EBFCDF2A16E82D0041012C /* Frameworks */ = {
			isa = PBXFrameworksBuildPhase;
			files = (
				F36ACB3A2BF9E00A00B5744A /* Swifto Crypto in Frameworks */,
				F311887A2BF90FBF0079A5FE /* ScrechKit in Frameworks */,
			);
		};
/* End PBXFrameworksBuildPhase section */

/* Begin PBXGroup section */
		40EBFCD92A16E82D0041012C = {
			isa = PBXGroup;
			children = (
				F31188602BF90F7A0079A5FE /* PeerChat */,
				40EBFCE32A16E82D0041012C /* Products */,
			);
			sourceTree = "<group>";
		};
		40EBFCE32A16E82D0041012C /* Products */ = {
			isa = PBXGroup;
			children = (
				40EBFCE22A16E82D0041012C /* PeerChat.app */,
			);
			name = Products;
			sourceTree = "<group>";
		};
		F31188442BF90F7A0079A5FE /* Extensions */ = {
			isa = PBXGroup;
			children = (
				F31188412BF90F7A0079A5FE /* Character + Exts.swift */,
				F31188422BF90F7A0079A5FE /* String + Exts.swift */,
				F31188432BF90F7A0079A5FE /* UUID.swift */,
			);
			path = Extensions;
			sourceTree = "<group>";
		};
		F311884B2BF90F7A0079A5FE /* MessageTypes */ = {
			isa = PBXGroup;
			children = (
				F31188452BF90F7A0079A5FE /* Chat.swift */,
				F31188462BF90F7A0079A5FE /* ConnectMessage.swift */,
				F31188472BF90F7A0079A5FE /* DeleteMessage.swift */,
				F31188482BF90F7A0079A5FE /* Message.swift */,
				F31188492BF90F7A0079A5FE /* PeerInfo.swift */,
				F311884A2BF90F7A0079A5FE /* Person.swift */,
			);
			path = MessageTypes;
			sourceTree = "<group>";
		};
		F311884E2BF90F7A0079A5FE /* Model */ = {
			isa = PBXGroup;
			children = (
				F311884D2BF90F7A0079A5FE /* Model.swift */,
				F311884C2BF90F7A0079A5FE /* DuoChat.swift */,
				F36ACB342BF9DEE500B5744A /* CryptoConvert.swift */,
				F36ACB352BF9DEE500B5744A /* CryptoModel.swift */,
				F311884B2BF90F7A0079A5FE /* MessageTypes */,
			);
			path = Model;
			sourceTree = "<group>";
		};
		F31188502BF90F7A0079A5FE /* Nav */ = {
			isa = PBXGroup;
			children = (
				F311884F2BF90F7A0079A5FE /* Container.swift */,
			);
			path = Nav;
			sourceTree = "<group>";
		};
		F31188532BF90F7A0079A5FE /* Message Row */ = {
			isa = PBXGroup;
			children = (
				F31188512BF90F7A0079A5FE /* MessageRow.swift */,
				F31188522BF90F7A0079A5FE /* MessageInfo.swift */,
			);
			path = "Message Row";
			sourceTree = "<group>";
		};
		F31188552BF90F7A0079A5FE /* Chat */ = {
			isa = PBXGroup;
			children = (
				F31188542BF90F7A0079A5FE /* ChatView.swift */,
				F31188532BF90F7A0079A5FE /* Message Row */,
			);
			path = Chat;
			sourceTree = "<group>";
		};
		F31188602BF90F7A0079A5FE /* PeerChat */ = {
			isa = PBXGroup;
			children = (
				F311885D2BF90F7A0079A5FE /* PeerChat.swift */,
				F3F5574A2E4B62A5006E1669 /* ValueStore.swift */,
				F311887E2BF911180079A5FE /* Info.plist */,
				F31188592BF90F7A0079A5FE /* Assets.xcassets */,
				F31188502BF90F7A0079A5FE /* Nav */,
				F311885A2BF90F7A0079A5FE /* ContentView.swift */,
				F311885B2BF90F7A0079A5FE /* HomeView.swift */,
				F311885E2BF90F7A0079A5FE /* ProfileView.swift */,
				F311885F2BF90F7A0079A5FE /* SettingsView.swift */,
				F31188562BF90F7A0079A5FE /* TextFieldStyle.swift */,
				F31188552BF90F7A0079A5FE /* Chat */,
				F311884E2BF90F7A0079A5FE /* Model */,
				F31188442BF90F7A0079A5FE /* Extensions */,
			);
			path = PeerChat;
			sourceTree = "<group>";
		};
/* End PBXGroup section */

/* Begin PBXNativeTarget section */
		40EBFCE12A16E82D0041012C /* PeerChat */ = {
			isa = PBXNativeTarget;
			buildConfigurationList = 40EBFCF02A16E82F0041012C /* Build configuration list for PBXNativeTarget "PeerChat" */;
			buildPhases = (
				40EBFCDE2A16E82D0041012C /* Sources */,
				40EBFCDF2A16E82D0041012C /* Frameworks */,
				40EBFCE02A16E82D0041012C /* Resources */,
				40EBFCFC2A16E9E70041012C /* Embed Frameworks */,
			);
			buildRules = (
			);
			name = PeerChat;
			packageProductDependencies = (
				F31188792BF90FBF0079A5FE /* ScrechKit */,
				F36ACB392BF9E00A00B5744A /* Swifto Crypto */,
			);
			productName = PeerSotial;
			productReference = 40EBFCE22A16E82D0041012C /* PeerChat.app */;
			productType = "com.apple.product-type.application";
		};
/* End PBXNativeTarget section */

/* Begin PBXProject section */
		40EBFCDA2A16E82D0041012C /* Project object */ = {
			isa = PBXProject;
			attributes = {
				BuildIndependentTargetsInParallel = 1;
				LastSwiftUpdateCheck = 1420;
				LastUpgradeCheck = 2620;
				TargetAttributes = {
					40EBFCE12A16E82D0041012C = {
						CreatedOnToolsVersion = 14.2;
					};
				};
			};
			buildConfigurationList = 40EBFCDD2A16E82D0041012C /* Build configuration list for PBXProject "PeerChat" */;
			developmentRegion = en;
			hasScannedForEncodings = 0;
			knownRegions = (
				en,
				Base,
			);
			mainGroup = 40EBFCD92A16E82D0041012C;
			packageReferences = (
				F31188782BF90FBF0079A5FE /* XCRemoteSwiftPackageReference "ScrechKit" */,
				F36ACB382BF9E00A00B5744A /* XCRemoteSwiftPackageReference "Swifto-Crypto" */,
			);
			preferredProjectObjectVersion = 90;
			productRefGroup = 40EBFCE32A16E82D0041012C /* Products */;
			projectDirPath = "";
			projectRoot = "";
			targets = (
				40EBFCE12A16E82D0041012C /* PeerChat */,
			);
		};
/* End PBXProject section */

/* Begin PBXResourcesBuildPhase section */
		40EBFCE02A16E82D0041012C /* Resources */ = {
			isa = PBXResourcesBuildPhase;
			files = (
				F31188712BF90F7A0079A5FE /* Assets.xcassets in Resources */,
			);
		};
/* End PBXResourcesBuildPhase section */

/* Begin PBXSourcesBuildPhase section */
		40EBFCDE2A16E82D0041012C /* Sources */ = {
			isa = PBXSourcesBuildPhase;
			files = (
				F311886E2BF90F7A0079A5FE /* MessageInfo.swift in Sources */,
				F311886F2BF90F7A0079A5FE /* ChatView.swift in Sources */,
				F31188632BF90F7A0079A5FE /* UUID.swift in Sources */,
				F3F5574B2E4B62A5006E1669 /* ValueStore.swift in Sources */,
				F31188662BF90F7A0079A5FE /* DeleteMessage.swift in Sources */,
				F31188752BF90F7A0079A5FE /* PeerChat.swift in Sources */,
				F31188732BF90F7A0079A5FE /* HomeView.swift in Sources */,
				F31188682BF90F7A0079A5FE /* PeerInfo.swift in Sources */,
				F31188642BF90F7A0079A5FE /* Chat.swift in Sources */,
				F31188622BF90F7A0079A5FE /* String + Exts.swift in Sources */,
				F31188762BF90F7A0079A5FE /* ProfileView.swift in Sources */,
				F31188612BF90F7A0079A5FE /* Character + Exts.swift in Sources */,
				F31188692BF90F7A0079A5FE /* Person.swift in Sources */,
				F311886C2BF90F7A0079A5FE /* Container.swift in Sources */,
				F31188772BF90F7A0079A5FE /* SettingsView.swift in Sources */,
				F31188652BF90F7A0079A5FE /* ConnectMessage.swift in Sources */,
				F311886B2BF90F7A0079A5FE /* Model.swift in Sources */,
				F31188672BF90F7A0079A5FE /* Message.swift in Sources */,
				F311886D2BF90F7A0079A5FE /* MessageRow.swift in Sources */,
				F31188722BF90F7A0079A5FE /* ContentView.swift in Sources */,
				F31188702BF90F7A0079A5FE /* TextFieldStyle.swift in Sources */,
				F311886A2BF90F7A0079A5FE /* DuoChat.swift in Sources */,
			);
		};
/* End PBXSourcesBuildPhase section */

/* Begin XCBuildConfiguration section */
		40EBFCEE2A16E82F0041012C /* Debug configuration for PBXProject "PeerChat" */ = {
			isa = XCBuildConfiguration;
			buildSettings = {
				ALWAYS_SEARCH_USER_PATHS = NO;
				CLANG_ANALYZER_NONNULL = YES;
				CLANG_ANALYZER_NUMBER_OBJECT_CONVERSION = YES_AGGRESSIVE;
				CLANG_CXX_LANGUAGE_STANDARD = "gnu++20";
				CLANG_ENABLE_MODULES = YES;
				CLANG_ENABLE_OBJC_ARC = YES;
				CLANG_ENABLE_OBJC_WEAK = YES;
				CLANG_WARN_BLOCK_CAPTURE_AUTORELEASING = YES;
				CLANG_WARN_BOOL_CONVERSION = YES;
				CLANG_WARN_COMMA = YES;
				CLANG_WARN_CONSTANT_CONVERSION = YES;
				CLANG_WARN_DEPRECATED_OBJC_IMPLEMENTATIONS = YES;
				CLANG_WARN_DIRECT_OBJC_ISA_USAGE = YES_ERROR;
				CLANG_WARN_DOCUMENTATION_COMMENTS = YES;
				CLANG_WARN_EMPTY_BODY = YES;
				CLANG_WARN_ENUM_CONVERSION = YES;
				CLANG_WARN_INFINITE_RECURSION = YES;
				CLANG_WARN_INT_CONVERSION = YES;
				CLANG_WARN_NON_LITERAL_NULL_CONVERSION = YES;
				CLANG_WARN_OBJC_IMPLICIT_RETAIN_SELF = YES;
				CLANG_WARN_OBJC_LITERAL_CONVERSION = YES;
				CLANG_WARN_OBJC_ROOT_CLASS = YES_ERROR;
				CLANG_WARN_QUOTED_INCLUDE_IN_FRAMEWORK_HEADER = YES;
				CLANG_WARN_RANGE_LOOP_ANALYSIS = YES;
				CLANG_WARN_STRICT_PROTOTYPES = YES;
				CLANG_WARN_SUSPICIOUS_MOVE = YES;
				CLANG_WARN_UNGUARDED_AVAILABILITY = YES_AGGRESSIVE;
				CLANG_WARN_UNREACHABLE_CODE = YES;
				CLANG_WARN__DUPLICATE_METHOD_MATCH = YES;
				COPY_PHASE_STRIP = NO;
				DEBUG_INFORMATION_FORMAT = dwarf;
				DEVELOPMENT_TEAM = 8FQUA2F388;
				ENABLE_STRICT_OBJC_MSGSEND = YES;
				ENABLE_TESTABILITY = YES;
				ENABLE_USER_SCRIPT_SANDBOXING = YES;
				GCC_C_LANGUAGE_STANDARD = gnu11;
				GCC_DYNAMIC_NO_PIC = NO;
				GCC_NO_COMMON_BLOCKS = YES;
				GCC_OPTIMIZATION_LEVEL = 0;
				GCC_PREPROCESSOR_DEFINITIONS = (
					"DEBUG=1",
					"$(inherited)",
				);
				GCC_WARN_64_TO_32_BIT_CONVERSION = YES;
				GCC_WARN_ABOUT_RETURN_TYPE = YES_ERROR;
				GCC_WARN_UNDECLARED_SELECTOR = YES;
				GCC_WARN_UNINITIALIZED_AUTOS = YES_AGGRESSIVE;
				GCC_WARN_UNUSED_FUNCTION = YES;
				GCC_WARN_UNUSED_VARIABLE = YES;
				IPHONEOS_DEPLOYMENT_TARGET = 17.0;
				MTL_ENABLE_DEBUG_INFO = INCLUDE_SOURCE;
				MTL_FAST_MATH = YES;
				ONLY_ACTIVE_ARCH = YES;
				SDKROOT = iphoneos;
				STRING_CATALOG_GENERATE_SYMBOLS = YES;
				SWIFT_ACTIVE_COMPILATION_CONDITIONS = DEBUG;
				SWIFT_OPTIMIZATION_LEVEL = "-Onone";
			};
			name = Debug;
		};
		40EBFCEF2A16E82F0041012C /* Release configuration for PBXProject "PeerChat" */ = {
			isa = XCBuildConfiguration;
			buildSettings = {
				ALWAYS_SEARCH_USER_PATHS = NO;
				CLANG_ANALYZER_NONNULL = YES;
				CLANG_ANALYZER_NUMBER_OBJECT_CONVERSION = YES_AGGRESSIVE;
				CLANG_CXX_LANGUAGE_STANDARD = "gnu++20";
				CLANG_ENABLE_MODULES = YES;
				CLANG_ENABLE_OBJC_ARC = YES;
				CLANG_ENABLE_OBJC_WEAK = YES;
				CLANG_WARN_BLOCK_CAPTURE_AUTORELEASING = YES;
				CLANG_WARN_BOOL_CONVERSION = YES;
				CLANG_WARN_COMMA = YES;
				CLANG_WARN_CONSTANT_CONVERSION = YES;
				CLANG_WARN_DEPRECATED_OBJC_IMPLEMENTATIONS = YES;
				CLANG_WARN_DIRECT_OBJC_ISA_USAGE = YES_ERROR;
				CLANG_WARN_DOCUMENTATION_COMMENTS = YES;
				CLANG_WARN_EMPTY_BODY = YES;
				CLANG_WARN_ENUM_CONVERSION = YES;
				CLANG_WARN_INFINITE_RECURSION = YES;
				CLANG_WARN_INT_CONVERSION = YES;
				CLANG_WARN_NON_LITERAL_NULL_CONVERSION = YES;
				CLANG_WARN_OBJC_IMPLICIT_RETAIN_SELF = YES;
				CLANG_WARN_OBJC_LITERAL_CONVERSION = YES;
				CLANG_WARN_OBJC_ROOT_CLASS = YES_ERROR;
				CLANG_WARN_QUOTED_INCLUDE_IN_FRAMEWORK_HEADER = YES;
				CLANG_WARN_RANGE_LOOP_ANALYSIS = YES;
				CLANG_WARN_STRICT_PROTOTYPES = YES;
				CLANG_WARN_SUSPICIOUS_MOVE = YES;
				CLANG_WARN_UNGUARDED_AVAILABILITY = YES_AGGRESSIVE;
				CLANG_WARN_UNREACHABLE_CODE = YES;
				CLANG_WARN__DUPLICATE_METHOD_MATCH = YES;
				COPY_PHASE_STRIP = NO;
				DEBUG_INFORMATION_FORMAT = "dwarf-with-dsym";
				DEVELOPMENT_TEAM = 8FQUA2F388;
				ENABLE_NS_ASSERTIONS = NO;
				ENABLE_STRICT_OBJC_MSGSEND = YES;
				ENABLE_USER_SCRIPT_SANDBOXING = YES;
				GCC_C_LANGUAGE_STANDARD = gnu11;
				GCC_NO_COMMON_BLOCKS = YES;
				GCC_WARN_64_TO_32_BIT_CONVERSION = YES;
				GCC_WARN_ABOUT_RETURN_TYPE = YES_ERROR;
				GCC_WARN_UNDECLARED_SELECTOR = YES;
				GCC_WARN_UNINITIALIZED_AUTOS = YES_AGGRESSIVE;
				GCC_WARN_UNUSED_FUNCTION = YES;
				GCC_WARN_UNUSED_VARIABLE = YES;
				IPHONEOS_DEPLOYMENT_TARGET = 17.0;
				MTL_ENABLE_DEBUG_INFO = NO;
				MTL_FAST_MATH = YES;
				SDKROOT = iphoneos;
				STRING_CATALOG_GENERATE_SYMBOLS = YES;
				SWIFT_COMPILATION_MODE = wholemodule;
				SWIFT_OPTIMIZATION_LEVEL = "-O";
				VALIDATE_PRODUCT = YES;
			};
			name = Release;
		};
		40EBFCF12A16E82F0041012C /* Debug configuration for PBXNativeTarget "PeerChat" */ = {
			isa = XCBuildConfiguration;
			buildSettings = {
				ASSETCATALOG_COMPILER_APPICON_NAME = AppIcon;
				ASSETCATALOG_COMPILER_GLOBAL_ACCENT_COLOR_NAME = AccentColor;
				CODE_SIGN_STYLE = Automatic;
				CURRENT_PROJECT_VERSION = 0;
				ENABLE_PREVIEWS = YES;
				GENERATE_INFOPLIST_FILE = YES;
				INFOPLIST_FILE = PeerChat/Info.plist;
				INFOPLIST_KEY_CFBundleDisplayName = "Peer Chat";
				INFOPLIST_KEY_LSApplicationCategoryType = "public.app-category.social-networking";
				INFOPLIST_KEY_UIApplicationSceneManifest_Generation = YES;
				INFOPLIST_KEY_UIApplicationSupportsIndirectInputEvents = YES;
				INFOPLIST_KEY_UILaunchScreen_Generation = YES;
				INFOPLIST_KEY_UISupportedInterfaceOrientations = "UIInterfaceOrientationLandscapeLeft UIInterfaceOrientationLandscapeRight UIInterfaceOrientationPortrait UIInterfaceOrientationPortraitUpsideDown";
				LD_RUNPATH_SEARCH_PATHS = (
					"$(inherited)",
					"@executable_path/Frameworks",
				);
				MARKETING_VERSION = 0.9;
				PRODUCT_BUNDLE_IDENTIFIER = dev.topscrech.PeerChat;
				PRODUCT_NAME = "$(TARGET_NAME)";
				SWIFT_EMIT_LOC_STRINGS = YES;
				SWIFT_VERSION = 5.0;
				TARGETED_DEVICE_FAMILY = "1,2";
			};
			name = Debug;
		};
		40EBFCF22A16E82F0041012C /* Release configuration for PBXNativeTarget "PeerChat" */ = {
			isa = XCBuildConfiguration;
			buildSettings = {
				ASSETCATALOG_COMPILER_APPICON_NAME = AppIcon;
				ASSETCATALOG_COMPILER_GLOBAL_ACCENT_COLOR_NAME = AccentColor;
				CODE_SIGN_STYLE = Automatic;
				CURRENT_PROJECT_VERSION = 0;
				ENABLE_PREVIEWS = YES;
				GENERATE_INFOPLIST_FILE = YES;
				INFOPLIST_FILE = PeerChat/Info.plist;
				INFOPLIST_KEY_CFBundleDisplayName = "Peer Chat";
				INFOPLIST_KEY_LSApplicationCategoryType = "public.app-category.social-networking";
				INFOPLIST_KEY_UIApplicationSceneManifest_Generation = YES;
				INFOPLIST_KEY_UIApplicationSupportsIndirectInputEvents = YES;
				INFOPLIST_KEY_UILaunchScreen_Generation = YES;
				INFOPLIST_KEY_UISupportedInterfaceOrientations = "UIInterfaceOrientationLandscapeLeft UIInterfaceOrientationLandscapeRight UIInterfaceOrientationPortrait UIInterfaceOrientationPortraitUpsideDown";
				LD_RUNPATH_SEARCH_PATHS = (
					"$(inherited)",
					"@executable_path/Frameworks",
				);
				MARKETING_VERSION = 0.9;
				PRODUCT_BUNDLE_IDENTIFIER = dev.topscrech.PeerChat;
				PRODUCT_NAME = "$(TARGET_NAME)";
				SWIFT_EMIT_LOC_STRINGS = YES;
				SWIFT_VERSION = 5.0;
				TARGETED_DEVICE_FAMILY = "1,2";
			};
			name = Release;
		};
/* End XCBuildConfiguration section */

/* Begin XCConfigurationList section */
		40EBFCDD2A16E82D0041012C /* Build configuration list for PBXProject "PeerChat" */ = {
			isa = XCConfigurationList;
			buildConfigurations = (
				40EBFCEE2A16E82F0041012C /* Debug configuration for PBXProject "PeerChat" */,
				40EBFCEF2A16E82F0041012C /* Release configuration for PBXProject "PeerChat" */,
			);
			defaultConfigurationName = Release;
		};
		40EBFCF02A16E82F0041012C /* Build configuration list for PBXNativeTarget "PeerChat" */ = {
			isa = XCConfigurationList;
			buildConfigurations = (
				40EBFCF12A16E82F0041012C /* Debug configuration for PBXNativeTarget "PeerChat" */,
				40EBFCF22A16E82F0041012C /* Release configuration for PBXNativeTarget "PeerChat" */,
			);
			defaultConfigurationName = Release;
		};
/* End XCConfigurationList section */

/* Begin XCRemoteSwiftPackageReference section */
		F31188782BF90FBF0079A5FE /* XCRemoteSwiftPackageReference "ScrechKit" */ = {
			isa = XCRemoteSwiftPackageReference;
			repositoryURL = "https://github.com/TopScrech/ScrechKit";
			requirement = {
				branch = main;
				kind = branch;
			};
		};
		F36ACB382BF9E00A00B5744A /* XCRemoteSwiftPackageReference "Swifto-Crypto" */ = {
			isa = XCRemoteSwiftPackageReference;
			repositoryURL = "https://github.com/TopScrech/Swifto-Crypto";
			requirement = {
				branch = main;
				kind = branch;
			};
		};
/* End XCRemoteSwiftPackageReference section */

/* Begin XCSwiftPackageProductDependency section */
		F31188792BF90FBF0079A5FE /* ScrechKit */ = {
			isa = XCSwiftPackageProductDependency;
			package = F31188782BF90FBF0079A5FE /* XCRemoteSwiftPackageReference "ScrechKit" */;
			productName = ScrechKit;
		};
		F36ACB392BF9E00A00B5744A /* Swifto Crypto */ = {
			isa = XCSwiftPackageProductDependency;
			package = F36ACB382BF9E00A00B5744A /* XCRemoteSwiftPackageReference "Swifto-Crypto" */;
			productName = "Swifto Crypto";
		};
/* End XCSwiftPackageProductDependency section */
	};
	rootObject = 40EBFCDA2A16E82D0041012C /* Project object */;
}
