// !$*UTF8*$!
{
	archiveVersion = 1;
	classes = {
	};
	objectVersion = 90;
	objects = {

/* Begin PBXBuildFile section */
		F311887A2BF90FBF0079A5FE /* ScrechKit in Frameworks */ = {isa = PBXBuildFile; productRef = F31188792BF90FBF0079A5FE /* ScrechKit */; };
		F366E1542F470866000F8F30 /* QuickLooking in Frameworks */ = {isa = PBXBuildFile; productRef = F366E1532F470866000F8F30 /* QuickLooking */; };
		F36ACB3A2BF9E00A00B5744A /* Swifto Crypto in Frameworks */ = {isa = PBXBuildFile; productRef = F36ACB392BF9E00A00B5744A /* Swifto Crypto */; };
		F3D854942F44DCB900B2A3F7 /* DeviceKit in Frameworks */ = {isa = PBXBuildFile; productRef = F3D854932F44DCB900B2A3F7 /* DeviceKit */; };
/* End PBXBuildFile section */

/* Begin PBXCopyFilesBuildPhase section */
		40EBFCFC2A16E9E70041012C /* Embed Frameworks */ = {
			isa = PBXCopyFilesBuildPhase;
			dstPath = "";
			dstSubfolder = Frameworks;
			files = (
			);
			name = "Embed Frameworks";
		};
/* End PBXCopyFilesBuildPhase section */

/* Begin PBXFileReference section */
		40EBFCE22A16E82D0041012C /* PeerChat.app */ = {isa = PBXFileReference; explicitFileType = wrapper.application; includeInIndex = 0; path = PeerChat.app; sourceTree = BUILT_PRODUCTS_DIR; };
		F3365B6A2F43D61A00824B1C /* README.md */ = {isa = PBXFileReference; lastKnownFileType = net.daringfireball.markdown; path = README.md; sourceTree = "<group>"; };
		F3D854952F4508DE00B2A3F7 /* LICENSE */ = {isa = PBXFileReference; lastKnownFileType = text; path = LICENSE; sourceTree = "<group>"; };
/* End PBXFileReference section */

/* Begin PBXFileSystemSynchronizedBuildFileExceptionSet section */
		F3365B692F43D4F300824B1C /* Exceptions for "PeerChat" folder in "PeerChat" target */ = {
			isa = PBXFileSystemSynchronizedBuildFileExceptionSet;
			membershipExceptions = (
				Info.plist,
				Model/CryptoConvert.swift,
				Model/CryptoModel.swift,
			);
			target = 40EBFCE12A16E82D0041012C /* PeerChat */;
		};
/* End PBXFileSystemSynchronizedBuildFileExceptionSet section */

/* Begin PBXFileSystemSynchronizedRootGroup section */
		F3365B4E2F43D4F300824B1C /* PeerChat */ = {
			isa = PBXFileSystemSynchronizedRootGroup;
			exceptions = (
				F3365B692F43D4F300824B1C /* Exceptions for "PeerChat" folder in "PeerChat" target */,
			);
			path = PeerChat;
			sourceTree = "<group>";
		};
/* End PBXFileSystemSynchronizedRootGroup section */

/* Begin PBXFrameworksBuildPhase section */
		40EBFCDF2A16E82D0041012C /* Frameworks */ = {
			isa = PBXFrameworksBuildPhase;
			files = (
				F366E1542F470866000F8F30 /* QuickLooking in Frameworks */,
				F36ACB3A2BF9E00A00B5744A /* Swifto Crypto in Frameworks */,
				F311887A2BF90FBF0079A5FE /* ScrechKit in Frameworks */,
				F3D854942F44DCB900B2A3F7 /* DeviceKit in Frameworks */,
			);
		};
/* End PBXFrameworksBuildPhase section */

/* Begin PBXGroup section */
		40EBFCD92A16E82D0041012C = {
			isa = PBXGroup;
			children = (
				F3365B6A2F43D61A00824B1C /* README.md */,
				F3D854952F4508DE00B2A3F7 /* LICENSE */,
				F3365B4E2F43D4F300824B1C /* PeerChat */,
				40EBFCE32A16E82D0041012C /* Products */,
			);
			sourceTree = "<group>";
		};
		40EBFCE32A16E82D0041012C /* Products */ = {
			isa = PBXGroup;
			children = (
				40EBFCE22A16E82D0041012C /* PeerChat.app */,
			);
			name = Products;
			sourceTree = "<group>";
		};
/* End PBXGroup section */

/* Begin PBXNativeTarget section */
		40EBFCE12A16E82D0041012C /* PeerChat */ = {
			isa = PBXNativeTarget;
			buildConfigurationList = 40EBFCF02A16E82F0041012C /* Build configuration list for PBXNativeTarget "PeerChat" */;
			buildPhases = (
				40EBFCDE2A16E82D0041012C /* Sources */,
				40EBFCDF2A16E82D0041012C /* Frameworks */,
				40EBFCE02A16E82D0041012C /* Resources */,
				40EBFCFC2A16E9E70041012C /* Embed Frameworks */,
			);
			buildRules = (
			);
			fileSystemSynchronizedGroups = (
				F3365B4E2F43D4F300824B1C /* PeerChat */,
			);
			name = PeerChat;
			packageProductDependencies = (
				F31188792BF90FBF0079A5FE /* ScrechKit */,
				F36ACB392BF9E00A00B5744A /* Swifto Crypto */,
				F3D854932F44DCB900B2A3F7 /* DeviceKit */,
				F366E1532F470866000F8F30 /* QuickLooking */,
			);
			productName = PeerSotial;
			productReference = 40EBFCE22A16E82D0041012C /* PeerChat.app */;
			productType = "com.apple.product-type.application";
		};
/* End PBXNativeTarget section */

/* Begin PBXProject section */
		40EBFCDA2A16E82D0041012C /* Project object */ = {
			isa = PBXProject;
			attributes = {
				BuildIndependentTargetsInParallel = 1;
				LastSwiftUpdateCheck = 1420;
				LastUpgradeCheck = 2630;
				TargetAttributes = {
					40EBFCE12A16E82D0041012C = {
						CreatedOnToolsVersion = 14.2;
					};
				};
			};
			buildConfigurationList = 40EBFCDD2A16E82D0041012C /* Build configuration list for PBXProject "PeerChat" */;
			developmentRegion = en;
			hasScannedForEncodings = 0;
			knownRegions = (
				en,
				Base,
			);
			mainGroup = 40EBFCD92A16E82D0041012C;
			packageReferences = (
				F31188782BF90FBF0079A5FE /* XCRemoteSwiftPackageReference "ScrechKit" */,
				F36ACB382BF9E00A00B5744A /* XCRemoteSwiftPackageReference "Swifto-Crypto" */,
				F3D854922F44DCB900B2A3F7 /* XCRemoteSwiftPackageReference "DeviceKit" */,
				F366E1522F470866000F8F30 /* XCRemoteSwiftPackageReference "QuickLooking" */,
			);
			preferredProjectObjectVersion = 90;
			productRefGroup = 40EBFCE32A16E82D0041012C /* Products */;
			projectDirPath = "";
			projectRoot = "";
			targets = (
				40EBFCE12A16E82D0041012C /* PeerChat */,
			);
		};
/* End PBXProject section */

/* Begin PBXResourcesBuildPhase section */
		40EBFCE02A16E82D0041012C /* Resources */ = {
			isa = PBXResourcesBuildPhase;
			files = (
			);
		};
/* End PBXResourcesBuildPhase section */

/* Begin PBXSourcesBuildPhase section */
		40EBFCDE2A16E82D0041012C /* Sources */ = {
			isa = PBXSourcesBuildPhase;
			files = (
			);
		};
/* End PBXSourcesBuildPhase section */

/* Begin XCBuildConfiguration section */
		40EBFCEE2A16E82F0041012C /* Debug configuration for PBXProject "PeerChat" */ = {
			isa = XCBuildConfiguration;
			buildSettings = {
				ALWAYS_SEARCH_USER_PATHS = NO;
				CLANG_ANALYZER_NONNULL = YES;
				CLANG_ANALYZER_NUMBER_OBJECT_CONVERSION = YES_AGGRESSIVE;
				CLANG_CXX_LANGUAGE_STANDARD = "gnu++20";
				CLANG_ENABLE_MODULES = YES;
				CLANG_ENABLE_OBJC_ARC = YES;
				CLANG_ENABLE_OBJC_WEAK = YES;
				CLANG_WARN_BLOCK_CAPTURE_AUTORELEASING = YES;
				CLANG_WARN_BOOL_CONVERSION = YES;
				CLANG_WARN_COMMA = YES;
				CLANG_WARN_CONSTANT_CONVERSION = YES;
				CLANG_WARN_DEPRECATED_OBJC_IMPLEMENTATIONS = YES;
				CLANG_WARN_DIRECT_OBJC_ISA_USAGE = YES_ERROR;
				CLANG_WARN_DOCUMENTATION_COMMENTS = YES;
				CLANG_WARN_EMPTY_BODY = YES;
				CLANG_WARN_ENUM_CONVERSION = YES;
				CLANG_WARN_INFINITE_RECURSION = YES;
				CLANG_WARN_INT_CONVERSION = YES;
				CLANG_WARN_NON_LITERAL_NULL_CONVERSION = YES;
				CLANG_WARN_OBJC_IMPLICIT_RETAIN_SELF = YES;
				CLANG_WARN_OBJC_LITERAL_CONVERSION = YES;
				CLANG_WARN_OBJC_ROOT_CLASS = YES_ERROR;
				CLANG_WARN_QUOTED_INCLUDE_IN_FRAMEWORK_HEADER = YES;
				CLANG_WARN_RANGE_LOOP_ANALYSIS = YES;
				CLANG_WARN_STRICT_PROTOTYPES = YES;
				CLANG_WARN_SUSPICIOUS_MOVE = YES;
				CLANG_WARN_UNGUARDED_AVAILABILITY = YES_AGGRESSIVE;
				CLANG_WARN_UNREACHABLE_CODE = YES;
				CLANG_WARN__DUPLICATE_METHOD_MATCH = YES;
				COPY_PHASE_STRIP = NO;
				DEBUG_INFORMATION_FORMAT = dwarf;
				DEVELOPMENT_TEAM = 8FQUA2F388;
				ENABLE_STRICT_OBJC_MSGSEND = YES;
				ENABLE_TESTABILITY = YES;
				ENABLE_USER_SCRIPT_SANDBOXING = YES;
				GCC_C_LANGUAGE_STANDARD = gnu11;
				GCC_DYNAMIC_NO_PIC = NO;
				GCC_NO_COMMON_BLOCKS = YES;
				GCC_OPTIMIZATION_LEVEL = 0;
				GCC_PREPROCESSOR_DEFINITIONS = (
					"DEBUG=1",
					"$(inherited)",
				);
				GCC_WARN_64_TO_32_BIT_CONVERSION = YES;
				GCC_WARN_ABOUT_RETURN_TYPE = YES_ERROR;
				GCC_WARN_UNDECLARED_SELECTOR = YES;
				GCC_WARN_UNINITIALIZED_AUTOS = YES_AGGRESSIVE;
				GCC_WARN_UNUSED_FUNCTION = YES;
				GCC_WARN_UNUSED_VARIABLE = YES;
				IPHONEOS_DEPLOYMENT_TARGET = 17.0;
				MTL_ENABLE_DEBUG_INFO = INCLUDE_SOURCE;
				MTL_FAST_MATH = YES;
				ONLY_ACTIVE_ARCH = YES;
				SDKROOT = iphoneos;
				STRING_CATALOG_GENERATE_SYMBOLS = YES;
				SWIFT_ACTIVE_COMPILATION_CONDITIONS = DEBUG;
				SWIFT_OPTIMIZATION_LEVEL = "-Onone";
			};
			name = Debug;
		};
		40EBFCEF2A16E82F0041012C /* Release configuration for PBXProject "PeerChat" */ = {
			isa = XCBuildConfiguration;
			buildSettings = {
				ALWAYS_SEARCH_USER_PATHS = NO;
				CLANG_ANALYZER_NONNULL = YES;
				CLANG_ANALYZER_NUMBER_OBJECT_CONVERSION = YES_AGGRESSIVE;
				CLANG_CXX_LANGUAGE_STANDARD = "gnu++20";
				CLANG_ENABLE_MODULES = YES;
				CLANG_ENABLE_OBJC_ARC = YES;
				CLANG_ENABLE_OBJC_WEAK = YES;
				CLANG_WARN_BLOCK_CAPTURE_AUTORELEASING = YES;
				CLANG_WARN_BOOL_CONVERSION = YES;
				CLANG_WARN_COMMA = YES;
				CLANG_WARN_CONSTANT_CONVERSION = YES;
				CLANG_WARN_DEPRECATED_OBJC_IMPLEMENTATIONS = YES;
				CLANG_WARN_DIRECT_OBJC_ISA_USAGE = YES_ERROR;
				CLANG_WARN_DOCUMENTATION_COMMENTS = YES;
				CLANG_WARN_EMPTY_BODY = YES;
				CLANG_WARN_ENUM_CONVERSION = YES;
				CLANG_WARN_INFINITE_RECURSION = YES;
				CLANG_WARN_INT_CONVERSION = YES;
				CLANG_WARN_NON_LITERAL_NULL_CONVERSION = YES;
				CLANG_WARN_OBJC_IMPLICIT_RETAIN_SELF = YES;
				CLANG_WARN_OBJC_LITERAL_CONVERSION = YES;
				CLANG_WARN_OBJC_ROOT_CLASS = YES_ERROR;
				CLANG_WARN_QUOTED_INCLUDE_IN_FRAMEWORK_HEADER = YES;
				CLANG_WARN_RANGE_LOOP_ANALYSIS = YES;
				CLANG_WARN_STRICT_PROTOTYPES = YES;
				CLANG_WARN_SUSPICIOUS_MOVE = YES;
				CLANG_WARN_UNGUARDED_AVAILABILITY = YES_AGGRESSIVE;
				CLANG_WARN_UNREACHABLE_CODE = YES;
				CLANG_WARN__DUPLICATE_METHOD_MATCH = YES;
				COPY_PHASE_STRIP = NO;
				DEBUG_INFORMATION_FORMAT = "dwarf-with-dsym";
				DEVELOPMENT_TEAM = 8FQUA2F388;
				ENABLE_NS_ASSERTIONS = NO;
				ENABLE_STRICT_OBJC_MSGSEND = YES;
				ENABLE_USER_SCRIPT_SANDBOXING = YES;
				GCC_C_LANGUAGE_STANDARD = gnu11;
				GCC_NO_COMMON_BLOCKS = YES;
				GCC_WARN_64_TO_32_BIT_CONVERSION = YES;
				GCC_WARN_ABOUT_RETURN_TYPE = YES_ERROR;
				GCC_WARN_UNDECLARED_SELECTOR = YES;
				GCC_WARN_UNINITIALIZED_AUTOS = YES_AGGRESSIVE;
				GCC_WARN_UNUSED_FUNCTION = YES;
				GCC_WARN_UNUSED_VARIABLE = YES;
				IPHONEOS_DEPLOYMENT_TARGET = 17.0;
				MTL_ENABLE_DEBUG_INFO = NO;
				MTL_FAST_MATH = YES;
				SDKROOT = iphoneos;
				STRING_CATALOG_GENERATE_SYMBOLS = YES;
				SWIFT_COMPILATION_MODE = wholemodule;
				SWIFT_OPTIMIZATION_LEVEL = "-O";
				VALIDATE_PRODUCT = YES;
			};
			name = Release;
		};
		40EBFCF12A16E82F0041012C /* Debug configuration for PBXNativeTarget "PeerChat" */ = {
			isa = XCBuildConfiguration;
			buildSettings = {
				ASSETCATALOG_COMPILER_APPICON_NAME = AppIcon;
				ASSETCATALOG_COMPILER_GLOBAL_ACCENT_COLOR_NAME = AccentColor;
				CODE_SIGN_STYLE = Automatic;
				CURRENT_PROJECT_VERSION = 0;
				ENABLE_PREVIEWS = YES;
				GENERATE_INFOPLIST_FILE = YES;
				INFOPLIST_FILE = PeerChat/Info.plist;
				INFOPLIST_KEY_CFBundleDisplayName = "Peer Chat";
				INFOPLIST_KEY_LSApplicationCategoryType = "public.app-category.social-networking";
				INFOPLIST_KEY_UIApplicationSceneManifest_Generation = YES;
				INFOPLIST_KEY_UIApplicationSupportsIndirectInputEvents = YES;
				INFOPLIST_KEY_UILaunchScreen_Generation = YES;
				INFOPLIST_KEY_UISupportedInterfaceOrientations = "UIInterfaceOrientationLandscapeLeft UIInterfaceOrientationLandscapeRight UIInterfaceOrientationPortrait UIInterfaceOrientationPortraitUpsideDown";
				LD_RUNPATH_SEARCH_PATHS = (
					"$(inherited)",
					"@executable_path/Frameworks",
				);
				MARKETING_VERSION = 0.9;
				PRODUCT_BUNDLE_IDENTIFIER = dev.topscrech.PeerChat;
				PRODUCT_NAME = "$(TARGET_NAME)";
				SWIFT_DEFAULT_ACTOR_ISOLATION = MainActor;
				SWIFT_EMIT_LOC_STRINGS = YES;
				SWIFT_VERSION = 6.0;
				TARGETED_DEVICE_FAMILY = "1,2";
			};
			name = Debug;
		};
		40EBFCF22A16E82F0041012C /* Release configuration for PBXNativeTarget "PeerChat" */ = {
			isa = XCBuildConfiguration;
			buildSettings = {
				ASSETCATALOG_COMPILER_APPICON_NAME = AppIcon;
				ASSETCATALOG_COMPILER_GLOBAL_ACCENT_COLOR_NAME = AccentColor;
				CODE_SIGN_STYLE = Automatic;
				CURRENT_PROJECT_VERSION = 0;
				ENABLE_PREVIEWS = YES;
				GENERATE_INFOPLIST_FILE = YES;
				INFOPLIST_FILE = PeerChat/Info.plist;
				INFOPLIST_KEY_CFBundleDisplayName = "Peer Chat";
				INFOPLIST_KEY_LSApplicationCategoryType = "public.app-category.social-networking";
				INFOPLIST_KEY_UIApplicationSceneManifest_Generation = YES;
				INFOPLIST_KEY_UIApplicationSupportsIndirectInputEvents = YES;
				INFOPLIST_KEY_UILaunchScreen_Generation = YES;
				INFOPLIST_KEY_UISupportedInterfaceOrientations = "UIInterfaceOrientationLandscapeLeft UIInterfaceOrientationLandscapeRight UIInterfaceOrientationPortrait UIInterfaceOrientationPortraitUpsideDown";
				LD_RUNPATH_SEARCH_PATHS = (
					"$(inherited)",
					"@executable_path/Frameworks",
				);
				MARKETING_VERSION = 0.9;
				PRODUCT_BUNDLE_IDENTIFIER = dev.topscrech.PeerChat;
				PRODUCT_NAME = "$(TARGET_NAME)";
				SWIFT_DEFAULT_ACTOR_ISOLATION = MainActor;
				SWIFT_EMIT_LOC_STRINGS = YES;
				SWIFT_VERSION = 6.0;
				TARGETED_DEVICE_FAMILY = "1,2";
			};
			name = Release;
		};
/* End XCBuildConfiguration section */

/* Begin XCConfigurationList section */
		40EBFCDD2A16E82D0041012C /* Build configuration list for PBXProject "PeerChat" */ = {
			isa = XCConfigurationList;
			buildConfigurations = (
				40EBFCEE2A16E82F0041012C /* Debug configuration for PBXProject "PeerChat" */,
				40EBFCEF2A16E82F0041012C /* Release configuration for PBXProject "PeerChat" */,
			);
			defaultConfigurationName = Release;
		};
		40EBFCF02A16E82F0041012C /* Build configuration list for PBXNativeTarget "PeerChat" */ = {
			isa = XCConfigurationList;
			buildConfigurations = (
				40EBFCF12A16E82F0041012C /* Debug configuration for PBXNativeTarget "PeerChat" */,
				40EBFCF22A16E82F0041012C /* Release configuration for PBXNativeTarget "PeerChat" */,
			);
			defaultConfigurationName = Release;
		};
/* End XCConfigurationList section */

/* Begin XCRemoteSwiftPackageReference section */
		F31188782BF90FBF0079A5FE /* XCRemoteSwiftPackageReference "ScrechKit" */ = {
			isa = XCRemoteSwiftPackageReference;
			repositoryURL = "https://github.com/TopScrech/ScrechKit";
			requirement = {
				branch = main;
				kind = branch;
			};
		};
		F366E1522F470866000F8F30 /* XCRemoteSwiftPackageReference "QuickLooking" */ = {
			isa = XCRemoteSwiftPackageReference;
			repositoryURL = "https://github.com/TopScrech/QuickLooking";
			requirement = {
				branch = main;
				kind = branch;
			};
		};
		F36ACB382BF9E00A00B5744A /* XCRemoteSwiftPackageReference "Swifto-Crypto" */ = {
			isa = XCRemoteSwiftPackageReference;
			repositoryURL = "https://github.com/TopScrech/Swifto-Crypto";
			requirement = {
				branch = main;
				kind = branch;
			};
		};
		F3D854922F44DCB900B2A3F7 /* XCRemoteSwiftPackageReference "DeviceKit" */ = {
			isa = XCRemoteSwiftPackageReference;
			repositoryURL = "https://github.com/devicekit/DeviceKit";
			requirement = {
				kind = upToNextMajorVersion;
				minimumVersion = 5.7.0;
			};
		};
/* End XCRemoteSwiftPackageReference section */

/* Begin XCSwiftPackageProductDependency section */
		F31188792BF90FBF0079A5FE /* ScrechKit */ = {
			isa = XCSwiftPackageProductDependency;
			package = F31188782BF90FBF0079A5FE /* XCRemoteSwiftPackageReference "ScrechKit" */;
			productName = ScrechKit;
		};
		F366E1532F470866000F8F30 /* QuickLooking */ = {
			isa = XCSwiftPackageProductDependency;
			package = F366E1522F470866000F8F30 /* XCRemoteSwiftPackageReference "QuickLooking" */;
			productName = QuickLooking;
		};
		F36ACB392BF9E00A00B5744A /* Swifto Crypto */ = {
			isa = XCSwiftPackageProductDependency;
			package = F36ACB382BF9E00A00B5744A /* XCRemoteSwiftPackageReference "Swifto-Crypto" */;
			productName = "Swifto Crypto";
		};
		F3D854932F44DCB900B2A3F7 /* DeviceKit */ = {
			isa = XCSwiftPackageProductDependency;
			package = F3D854922F44DCB900B2A3F7 /* XCRemoteSwiftPackageReference "DeviceKit" */;
			productName = DeviceKit;
		};
/* End XCSwiftPackageProductDependency section */
	};
	rootObject = 40EBFCDA2A16E82D0041012C /* Project object */;
}
